
Microsoft Visual Studio Solution File, Format Version 12.00
# Visual Studio Version 16
VisualStudioVersion = 25.0.1705.2
MinimumVisualStudioVersion = 10.0.40219.1
Project("{FAE04EC0-301F-11D3-BF4B-00C04F79EFBC}") = "new-web", "new-web.csproj", "{6AB3DABB-3799-4F3B-A272-FF982D8152AA}"
EndProject
Global
	GlobalSection(SolutionConfigurationPlatforms) = preSolution
		Debug|Any CPU = Debug|Any CPU
		Release|Any CPU = Release|Any CPU
	EndGlobalSection
	GlobalSection(ProjectConfigurationPlatforms) = postSolution
		{6AB3DABB-3799-4F3B-A272-FF982D8152AA}.Debug|Any CPU.ActiveCfg = Debug|Any CPU
		{6AB3DABB-3799-4F3B-A272-FF982D8152AA}.Debug|Any CPU.Build.0 = Debug|Any CPU
		{6AB3DABB-3799-4F3B-A272-FF982D8152AA}.Release|Any CPU.ActiveCfg = Release|Any CPU
		{6AB3DABB-3799-4F3B-A272-FF982D8152AA}.Release|Any CPU.Build.0 = Release|Any CPU
	EndGlobalSection
	GlobalSection(SolutionProperties) = preSolution
		HideSolutionNode = FALSE
	EndGlobalSection
	GlobalSection(ExtensibilityGlobals) = postSolution
		SolutionGuid = {5F111DC8-E6A0-49B6-8189-C31B1FBAAF7C}
	EndGlobalSection
EndGlobal
